
Microsoft Visual Studio Solution File, Format Version 12.00
# Visual Studio 15
VisualStudioVersion = 15.0.27428.2043
MinimumVisualStudioVersion = 10.0.40219.1
Project("{FAE04EC0-301F-11D3-BF4B-00C04F79EFBC}") = "HRFA", "HRFA\HRFA.csproj", "{64AA2E29-9ED5-4C53-BF29-88FF7BE8EAAF}"
EndProject
Project("{FAE04EC0-301F-11D3-BF4B-00C04F79EFBC}") = "HRFA.ATT", "HRFA.ATT\HRFA.ATT.csproj", "{B4E4872E-4169-40FC-85C6-B94FADCE8BF4}"
EndProject
Project("{FAE04EC0-301F-11D3-BF4B-00C04F79EFBC}") = "HRFA.COMMON", "HRFA.COMMON\HRFA.COMMON.csproj", "{80C785E4-3E93-42C2-94D8-C10ACAEB56F9}"
EndProject
Project("{FAE04EC0-301F-11D3-BF4B-00C04F79EFBC}") = "HRFA.DataLayer", "HRFA.DLL\HRFA.DataLayer.csproj", "{5186634F-7A0E-4093-A5A4-1DC382182974}"
EndProject
Project("{FAE04EC0-301F-11D3-BF4B-00C04F79EFBC}") = "HRFA.BLL", "HRFA.BLL\HRFA.BLL.csproj", "{A1C8A236-8A67-4315-A9C9-548F3223DA7B}"
EndProject
Global
	GlobalSection(SolutionConfigurationPlatforms) = preSolution
		Debug|Any CPU = Debug|Any CPU
		Debug|x64 = Debug|x64
		Debug|x86 = Debug|x86
		Release|Any CPU = Release|Any CPU
		Release|x64 = Release|x64
		Release|x86 = Release|x86
	EndGlobalSection
	GlobalSection(ProjectConfigurationPlatforms) = postSolution
		{64AA2E29-9ED5-4C53-BF29-88FF7BE8EAAF}.Debug|Any CPU.ActiveCfg = Debug|Any CPU
		{64AA2E29-9ED5-4C53-BF29-88FF7BE8EAAF}.Debug|Any CPU.Build.0 = Debug|Any CPU
		{64AA2E29-9ED5-4C53-BF29-88FF7BE8EAAF}.Debug|x64.ActiveCfg = Debug|x64
		{64AA2E29-9ED5-4C53-BF29-88FF7BE8EAAF}.Debug|x64.Build.0 = Debug|x64
		{64AA2E29-9ED5-4C53-BF29-88FF7BE8EAAF}.Debug|x86.ActiveCfg = Debug|x86
		{64AA2E29-9ED5-4C53-BF29-88FF7BE8EAAF}.Debug|x86.Build.0 = Debug|x86
		{64AA2E29-9ED5-4C53-BF29-88FF7BE8EAAF}.Release|Any CPU.ActiveCfg = Debug|Any CPU
		{64AA2E29-9ED5-4C53-BF29-88FF7BE8EAAF}.Release|Any CPU.Build.0 = Debug|Any CPU
		{64AA2E29-9ED5-4C53-BF29-88FF7BE8EAAF}.Release|x64.ActiveCfg = Debug|x64
		{64AA2E29-9ED5-4C53-BF29-88FF7BE8EAAF}.Release|x64.Build.0 = Debug|x64
		{64AA2E29-9ED5-4C53-BF29-88FF7BE8EAAF}.Release|x86.ActiveCfg = Debug|x86
		{64AA2E29-9ED5-4C53-BF29-88FF7BE8EAAF}.Release|x86.Build.0 = Debug|x86
		{B4E4872E-4169-40FC-85C6-B94FADCE8BF4}.Debug|Any CPU.ActiveCfg = Debug|Any CPU
		{B4E4872E-4169-40FC-85C6-B94FADCE8BF4}.Debug|Any CPU.Build.0 = Debug|Any CPU
		{B4E4872E-4169-40FC-85C6-B94FADCE8BF4}.Debug|x64.ActiveCfg = Debug|x64
		{B4E4872E-4169-40FC-85C6-B94FADCE8BF4}.Debug|x64.Build.0 = Debug|x64
		{B4E4872E-4169-40FC-85C6-B94FADCE8BF4}.Debug|x86.ActiveCfg = Debug|x86
		{B4E4872E-4169-40FC-85C6-B94FADCE8BF4}.Debug|x86.Build.0 = Debug|x86
		{B4E4872E-4169-40FC-85C6-B94FADCE8BF4}.Release|Any CPU.ActiveCfg = Debug|Any CPU
		{B4E4872E-4169-40FC-85C6-B94FADCE8BF4}.Release|Any CPU.Build.0 = Debug|Any CPU
		{B4E4872E-4169-40FC-85C6-B94FADCE8BF4}.Release|x64.ActiveCfg = Debug|x64
		{B4E4872E-4169-40FC-85C6-B94FADCE8BF4}.Release|x64.Build.0 = Debug|x64
		{B4E4872E-4169-40FC-85C6-B94FADCE8BF4}.Release|x86.ActiveCfg = Debug|x86
		{B4E4872E-4169-40FC-85C6-B94FADCE8BF4}.Release|x86.Build.0 = Debug|x86
		{80C785E4-3E93-42C2-94D8-C10ACAEB56F9}.Debug|Any CPU.ActiveCfg = Debug|Any CPU
		{80C785E4-3E93-42C2-94D8-C10ACAEB56F9}.Debug|Any CPU.Build.0 = Debug|Any CPU
		{80C785E4-3E93-42C2-94D8-C10ACAEB56F9}.Debug|x64.ActiveCfg = Debug|x64
		{80C785E4-3E93-42C2-94D8-C10ACAEB56F9}.Debug|x64.Build.0 = Debug|x64
		{80C785E4-3E93-42C2-94D8-C10ACAEB56F9}.Debug|x86.ActiveCfg = Debug|x86
		{80C785E4-3E93-42C2-94D8-C10ACAEB56F9}.Debug|x86.Build.0 = Debug|x86
		{80C785E4-3E93-42C2-94D8-C10ACAEB56F9}.Release|Any CPU.ActiveCfg = Debug|Any CPU
		{80C785E4-3E93-42C2-94D8-C10ACAEB56F9}.Release|Any CPU.Build.0 = Debug|Any CPU
		{80C785E4-3E93-42C2-94D8-C10ACAEB56F9}.Release|x64.ActiveCfg = Debug|x64
		{80C785E4-3E93-42C2-94D8-C10ACAEB56F9}.Release|x64.Build.0 = Debug|x64
		{80C785E4-3E93-42C2-94D8-C10ACAEB56F9}.Release|x86.ActiveCfg = Debug|x86
		{80C785E4-3E93-42C2-94D8-C10ACAEB56F9}.Release|x86.Build.0 = Debug|x86
		{5186634F-7A0E-4093-A5A4-1DC382182974}.Debug|Any CPU.ActiveCfg = Debug|Any CPU
		{5186634F-7A0E-4093-A5A4-1DC382182974}.Debug|Any CPU.Build.0 = Debug|Any CPU
		{5186634F-7A0E-4093-A5A4-1DC382182974}.Debug|x64.ActiveCfg = Debug|x64
		{5186634F-7A0E-4093-A5A4-1DC382182974}.Debug|x64.Build.0 = Debug|x64
		{5186634F-7A0E-4093-A5A4-1DC382182974}.Debug|x86.ActiveCfg = Debug|x86
		{5186634F-7A0E-4093-A5A4-1DC382182974}.Debug|x86.Build.0 = Debug|x86
		{5186634F-7A0E-4093-A5A4-1DC382182974}.Release|Any CPU.ActiveCfg = Debug|Any CPU
		{5186634F-7A0E-4093-A5A4-1DC382182974}.Release|Any CPU.Build.0 = Debug|Any CPU
		{5186634F-7A0E-4093-A5A4-1DC382182974}.Release|x64.ActiveCfg = Debug|x64
		{5186634F-7A0E-4093-A5A4-1DC382182974}.Release|x64.Build.0 = Debug|x64
		{5186634F-7A0E-4093-A5A4-1DC382182974}.Release|x86.ActiveCfg = Debug|x86
		{5186634F-7A0E-4093-A5A4-1DC382182974}.Release|x86.Build.0 = Debug|x86
		{A1C8A236-8A67-4315-A9C9-548F3223DA7B}.Debug|Any CPU.ActiveCfg = Debug|Any CPU
		{A1C8A236-8A67-4315-A9C9-548F3223DA7B}.Debug|Any CPU.Build.0 = Debug|Any CPU
		{A1C8A236-8A67-4315-A9C9-548F3223DA7B}.Debug|x64.ActiveCfg = Debug|x64
		{A1C8A236-8A67-4315-A9C9-548F3223DA7B}.Debug|x64.Build.0 = Debug|x64
		{A1C8A236-8A67-4315-A9C9-548F3223DA7B}.Debug|x86.ActiveCfg = Debug|x86
		{A1C8A236-8A67-4315-A9C9-548F3223DA7B}.Debug|x86.Build.0 = Debug|x86
		{A1C8A236-8A67-4315-A9C9-548F3223DA7B}.Release|Any CPU.ActiveCfg = Debug|Any CPU
		{A1C8A236-8A67-4315-A9C9-548F3223DA7B}.Release|Any CPU.Build.0 = Debug|Any CPU
		{A1C8A236-8A67-4315-A9C9-548F3223DA7B}.Release|x64.ActiveCfg = Debug|x64
		{A1C8A236-8A67-4315-A9C9-548F3223DA7B}.Release|x64.Build.0 = Debug|x64
		{A1C8A236-8A67-4315-A9C9-548F3223DA7B}.Release|x86.ActiveCfg = Debug|x86
		{A1C8A236-8A67-4315-A9C9-548F3223DA7B}.Release|x86.Build.0 = Debug|x86
	EndGlobalSection
	GlobalSection(SolutionProperties) = preSolution
		HideSolutionNode = FALSE
	EndGlobalSection
	GlobalSection(ExtensibilityGlobals) = postSolution
		SolutionGuid = {A4DDB134-D50C-4D89-BA99-572DEC8A7725}
	EndGlobalSection
EndGlobal
